
Microsoft Visual Studio Solution File, Format Version 12.00
# Visual Studio Version 17
VisualStudioVersion = 17.0.32112.339
MinimumVisualStudioVersion = 10.0.40219.1
Project("{F184B08F-C81C-45F6-A57F-5ABD9991F28F}") = "201709109_Tienda", "201709109_Tienda.vbproj", "{0525832C-4B26-4D18-B095-73F8ADB686D2}"
EndProject
Global
	GlobalSection(SolutionConfigurationPlatforms) = preSolution
		Debug|Any CPU = Debug|Any CPU
		Release|Any CPU = Release|Any CPU
	EndGlobalSection
	GlobalSection(ProjectConfigurationPlatforms) = postSolution
		{0525832C-4B26-4D18-B095-73F8ADB686D2}.Debug|Any CPU.ActiveCfg = Debug|Any CPU
		{0525832C-4B26-4D18-B095-73F8ADB686D2}.Debug|Any CPU.Build.0 = Debug|Any CPU
		{0525832C-4B26-4D18-B095-73F8ADB686D2}.Release|Any CPU.ActiveCfg = Release|Any CPU
		{0525832C-4B26-4D18-B095-73F8ADB686D2}.Release|Any CPU.Build.0 = Release|Any CPU
	EndGlobalSection
	GlobalSection(SolutionProperties) = preSolution
		HideSolutionNode = FALSE
	EndGlobalSection
	GlobalSection(ExtensibilityGlobals) = postSolution
		SolutionGuid = {B976813E-75B1-4516-A64B-B02120922EE6}
	EndGlobalSection
EndGlobal
